
Microsoft Visual Studio Solution File, Format Version 12.00
# Visual Studio Version 16
VisualStudioVersion = 16.0.31112.23
MinimumVisualStudioVersion = 10.0.40219.1
Project("{2150E333-8FDC-42A3-9474-1A3956D46DE8}") = "Chapter02", "Chapter02", "{5E00C1B8-585B-44E3-95D6-B13DB92C5B2A}"
EndProject
Project("{FAE04EC0-301F-11D3-BF4B-00C04F79EFBC}") = "DistanceConverter", "DistanceConverter\DistanceConverter.csproj", "{B9916A49-0497-4461-96BB-677322495D28}"
EndProject
Project("{FAE04EC0-301F-11D3-BF4B-00C04F79EFBC}") = "SalesCalcuator", "SalesCalcuator\SalesCalcuator.csproj", "{27F4CE4A-1803-4953-94CF-4383D12E4E73}"
EndProject
Project("{FAE04EC0-301F-11D3-BF4B-00C04F79EFBC}") = "Exercise1", "Exercise1\Exercise1.csproj", "{E40B0A7E-96BB-4EC8-904B-8EEBD8BD1359}"
EndProject
Project("{2150E333-8FDC-42A3-9474-1A3956D46DE8}") = "Exercise", "Exercise", "{45FA9B7A-57AD-47CB-9940-B44DCB7EBA46}"
EndProject
Project("{FAE04EC0-301F-11D3-BF4B-00C04F79EFBC}") = "Exercise2", "Exercise2\Exercise2.csproj", "{2322BD08-8F04-4AF2-9946-AF62860AA1B0}"
EndProject
Project("{FAE04EC0-301F-11D3-BF4B-00C04F79EFBC}") = "Exercise3", "Exercise3\Exercise3.csproj", "{73F32D46-B179-4FEA-AB22-10FBFD0D2F89}"
EndProject
Project("{2150E333-8FDC-42A3-9474-1A3956D46DE8}") = "Chapter03", "Chapter03", "{BB1C8296-9847-4017-8846-879069AB1239}"
EndProject
Project("{FAE04EC0-301F-11D3-BF4B-00C04F79EFBC}") = "Section01", "Section01\Section01.csproj", "{6D850C80-F602-42DD-B35A-5C8E7AFD5D66}"
EndProject
Project("{FAE04EC0-301F-11D3-BF4B-00C04F79EFBC}") = "Section01", "Chapter04\Section01\Section01.csproj", "{B4D71A4A-CB3A-4823-B8ED-19B60E2E54C3}"
EndProject
Project("{2150E333-8FDC-42A3-9474-1A3956D46DE8}") = "Chapter04", "Chapter04", "{AAB99F4B-671E-499D-968F-723CD0436DBD}"
EndProject
Project("{FAE04EC0-301F-11D3-BF4B-00C04F79EFBC}") = "Exercise1", "Chapter04\Exercise\Exercise1\Exercise1.csproj", "{EF9D65C7-DAF6-4730-BBFA-0F6F82F6FE5D}"
EndProject
Project("{2150E333-8FDC-42A3-9474-1A3956D46DE8}") = "Exercise", "Exercise", "{5791C6BC-290E-4C7B-90BA-8EF901543CFE}"
EndProject
Project("{FAE04EC0-301F-11D3-BF4B-00C04F79EFBC}") = "Exercise2", "Chapter04\Exercise\Exercise2\Exercise2.csproj", "{C840B481-184B-41C9-9C0F-0232933D1655}"
EndProject
Project("{FAE04EC0-301F-11D3-BF4B-00C04F79EFBC}") = "Exercise1", "Chapter05\Exercise1\Exercise1.csproj", "{6300713C-A45B-444A-8489-5CA861CBCF06}"
EndProject
Project("{2150E333-8FDC-42A3-9474-1A3956D46DE8}") = "Chapter05", "Chapter05", "{33BABB29-85D0-4626-A4C3-4BDE9EA8CE91}"
EndProject
Project("{FAE04EC0-301F-11D3-BF4B-00C04F79EFBC}") = "Test01", "TestProject\Test01\Test01.csproj", "{2BFACDC3-F44D-4199-8498-F5C3C4AC0335}"
EndProject
Project("{FAE04EC0-301F-11D3-BF4B-00C04F79EFBC}") = "Test02", "TestProject\Test02\Test02.csproj", "{E461C0A8-8900-485C-B520-E929BA33F712}"
EndProject
Project("{2150E333-8FDC-42A3-9474-1A3956D46DE8}") = "TestProject", "TestProject", "{2A928A64-3165-4613-84C4-E2FCC63F44EA}"
EndProject
Project("{FAE04EC0-301F-11D3-BF4B-00C04F79EFBC}") = "Exercise2", "Chapter05\Exercise2\Exercise2.csproj", "{971B74DF-86E9-4F78-93C4-112002356039}"
EndProject
Project("{FAE04EC0-301F-11D3-BF4B-00C04F79EFBC}") = "Exercise3", "Chapter05\Exercise3\Exercise3.csproj", "{F2650B64-4EA7-4A29-A7B6-EE1EBED3A226}"
EndProject
Project("{FAE04EC0-301F-11D3-BF4B-00C04F79EFBC}") = "Section01", "Chapter06\Section01\Section01.csproj", "{CBC41EDC-992A-4966-A5EF-E3DFC5DC16AA}"
EndProject
Project("{2150E333-8FDC-42A3-9474-1A3956D46DE8}") = "Chapter06", "Chapter06", "{2366E44B-7885-4225-B3A3-88FDEEA21776}"
EndProject
Project("{FAE04EC0-301F-11D3-BF4B-00C04F79EFBC}") = "Exercise1", "Chapter06\Exercise\Exercise1\Exercise1.csproj", "{727BFB60-53C4-4166-A31F-2DDE1690BA13}"
EndProject
Project("{2150E333-8FDC-42A3-9474-1A3956D46DE8}") = "Exercise", "Exercise", "{F1E0FEF4-4428-4515-90C9-680AB06F9BB4}"
EndProject
Project("{FAE04EC0-301F-11D3-BF4B-00C04F79EFBC}") = "Exercise2", "Chapter06\Exercise2\Exercise2.csproj", "{6522B27F-0597-4760-A03F-A0A665D0A270}"
EndProject
Project("{2150E333-8FDC-42A3-9474-1A3956D46DE8}") = "Chapter07", "Chapter07", "{B516205B-5694-49D6-AA72-60C231EF6C9E}"
EndProject
Project("{FAE04EC0-301F-11D3-BF4B-00C04F79EFBC}") = "Exercise1", "Chapter07\Exercise1\Exercise1.csproj", "{E122D9C6-C65E-4FDB-AB31-3605BA803032}"
EndProject
Project("{FAE04EC0-301F-11D3-BF4B-00C04F79EFBC}") = "Section03", "Chapter07\Section03\Section03.csproj", "{DA4B45E9-E52F-4010-9F7F-BB25B188F87E}"
EndProject
Project("{2150E333-8FDC-42A3-9474-1A3956D46DE8}") = "Chapter08", "Chapter08", "{798DD325-2891-429B-86CA-057D28E62F1F}"
EndProject
Project("{FAE04EC0-301F-11D3-BF4B-00C04F79EFBC}") = "Exercise1", "Chapter08\Exercise1\Exercise1.csproj", "{FACE0175-A913-44B7-8682-1D85D9E7104C}"
EndProject
Project("{2150E333-8FDC-42A3-9474-1A3956D46DE8}") = "Exercise", "Exercise", "{D935AB50-8DC0-43E4-9FD1-41100B855DDA}"
EndProject
Project("{FAE04EC0-301F-11D3-BF4B-00C04F79EFBC}") = "Exercise1", "Chapter08\Exercise\Exercise1\Exercise1.csproj", "{302270ED-90F6-4C23-B20C-13D9FB0E90D4}"
EndProject
Project("{FAE04EC0-301F-11D3-BF4B-00C04F79EFBC}") = "StopWatch", "Chapter08\StopWatch\StopWatch.csproj", "{D3638F13-7905-49D8-9DEC-7FD68AC5CFCB}"
EndProject
Project("{2150E333-8FDC-42A3-9474-1A3956D46DE8}") = "CarReportSystem", "CarReportSystem", "{AF1888AC-826E-4940-8567-0EE7AFBB04DF}"
EndProject
Project("{FAE04EC0-301F-11D3-BF4B-00C04F79EFBC}") = "CarReportSystem", "CarReportSystem\CarReportSystem\CarReportSystem.csproj", "{C82266BE-6C97-4294-89E1-F1FD0B87B6E0}"
EndProject
Project("{2150E333-8FDC-42A3-9474-1A3956D46DE8}") = "Chapter09", "Chapter09", "{AD74F68E-C15E-4E61-B42B-43CBCB17AE4C}"
EndProject
Project("{FAE04EC0-301F-11D3-BF4B-00C04F79EFBC}") = "Exercise1", "Chapter09\Exercise1\Exercise1.csproj", "{1DB0B1BB-6F10-40FB-8B81-D426D3AF5D15}"
EndProject
Project("{FAE04EC0-301F-11D3-BF4B-00C04F79EFBC}") = "Exercise2", "Chapter09\Exercise2\Exercise2.csproj", "{8F3A4F34-6647-4E30-935A-967BAF205B56}"
EndProject
Project("{FAE04EC0-301F-11D3-BF4B-00C04F79EFBC}") = "Sample0823", "Sample0823\Sample0823.csproj", "{F2DC32D3-4672-45A4-8DC8-3DBC2CEF0C33}"
EndProject
Project("{FAE04EC0-301F-11D3-BF4B-00C04F79EFBC}") = "Section01", "Chapter11\Section01\Section01.csproj", "{9A7502B8-41B0-49A3-B0D5-48EF4C045EC9}"
EndProject
Project("{2150E333-8FDC-42A3-9474-1A3956D46DE8}") = "Chapter11", "Chapter11", "{D115F66C-A385-47AC-9A92-C4AAEEDB9CCE}"
	ProjectSection(SolutionItems) = preProject
		..\..\..\..\Desktop\novelists.xml = ..\..\..\..\Desktop\novelists.xml
	EndProjectSection
EndProject
Project("{FAE04EC0-301F-11D3-BF4B-00C04F79EFBC}") = "Exercise1", "Chapter11\Exercise1\Exercise1.csproj", "{66B6CF0F-5F39-45FF-A0AD-12F24FAE98CE}"
EndProject
Project("{FAE04EC0-301F-11D3-BF4B-00C04F79EFBC}") = "Section02", "Chapter11\Section02\Section02.csproj", "{F35BF98F-C83A-445F-B2E8-335C422382BB}"
EndProject
Project("{2150E333-8FDC-42A3-9474-1A3956D46DE8}") = "Chapter14", "Chapter14", "{1BEDB3BD-49C4-4303-9938-B03F98BB4734}"
EndProject
Project("{FAE04EC0-301F-11D3-BF4B-00C04F79EFBC}") = "Section04", "Chapter14\ConsoleApp1\Section04.csproj", "{004A7EB0-2194-4F8A-8E88-C02E0C3BD4DB}"
EndProject
Project("{2150E333-8FDC-42A3-9474-1A3956D46DE8}") = "WeatherApp", "WeatherApp", "{81860156-DA34-4B9F-BD4E-6E8C0C5F79C3}"
EndProject
Project("{FAE04EC0-301F-11D3-BF4B-00C04F79EFBC}") = "WeatherApp", "WeatherApp\WeatherApp\WeatherApp.csproj", "{DBC78438-359D-4B9A-915E-69637FD05852}"
EndProject
Project("{2150E333-8FDC-42A3-9474-1A3956D46DE8}") = "RssReader", "RssReader", "{9E34F83B-6276-48BE-81DD-997220111481}"
EndProject
Project("{FAE04EC0-301F-11D3-BF4B-00C04F79EFBC}") = "RssReader", "RssReader\RssReader\RssReader.csproj", "{18CBDFD2-1DCC-44B8-85FA-A2B1B4A08349}"
EndProject
Project("{2150E333-8FDC-42A3-9474-1A3956D46DE8}") = "SendMail", "SendMail", "{757D2EE2-D519-46C4-A534-DCA748B2049A}"
EndProject
Project("{FAE04EC0-301F-11D3-BF4B-00C04F79EFBC}") = "SendMail", "SendMail\SendMail\SendMail.csproj", "{EEFFEAA9-ACCE-48D2-B2AE-29E12B30C4EB}"
EndProject
Project("{FAE04EC0-301F-11D3-BF4B-00C04F79EFBC}") = "Section04_Json", "Chapter14\Section04_Json\Section04_Json.csproj", "{5DE34E1E-C34D-4063-B842-3C481BEA9394}"
EndProject
Project("{2150E333-8FDC-42A3-9474-1A3956D46DE8}") = "Chapter13", "Chapter13", "{82A1CC18-D031-4C0F-8D47-F777EDE8893B}"
EndProject
Project("{FAE04EC0-301F-11D3-BF4B-00C04F79EFBC}") = "SampleEntityFramework", "EntityFramework\SampleEntityFramework.csproj", "{5673020D-0951-48F2-8AAF-ECC6DEA2A7D5}"
EndProject
Project("{2150E333-8FDC-42A3-9474-1A3956D46DE8}") = "ADO.NET", "ADO.NET", "{C864911C-5109-4321-AC3C-2E24BB6C51B8}"
EndProject
Project("{FAE04EC0-301F-11D3-BF4B-00C04F79EFBC}") = "AddressBook", "ADO.NET\AddressBook\AddressBook.csproj", "{1E3EE1E6-2EF6-4CFB-B59B-18CD169DA80C}"
EndProject
Project("{FAE04EC0-301F-11D3-BF4B-00C04F79EFBC}") = "SampleApp", "WPF\SampleApp\SampleApp.csproj", "{C57E54CD-4B4A-43CE-B2FE-670FC73195CB}"
EndProject
Project("{2150E333-8FDC-42A3-9474-1A3956D46DE8}") = "WPF", "WPF", "{530351FF-FE4E-4688-9385-BE89176F8546}"
EndProject
Project("{2150E333-8FDC-42A3-9474-1A3956D46DE8}") = "ZZ", "ZZ", "{C974F30B-A8F4-4994-B0CB-22CF0E763EA7}"
EndProject
Project("{FAE04EC0-301F-11D3-BF4B-00C04F79EFBC}") = "SampleGridApp", "WPF\SampleGridApp\SampleGridApp.csproj", "{37523DCE-9E46-4F90-B116-ABFF85AF5966}"
EndProject
Project("{FAE04EC0-301F-11D3-BF4B-00C04F79EFBC}") = "SampleUnitConverter", "WPF\SampleUnitConverter\SampleUnitConverter.csproj", "{282382DD-DA54-4456-9B3A-57967CCB94A6}"
EndProject
Project("{FAE04EC0-301F-11D3-BF4B-00C04F79EFBC}") = "NumberGame", "WPF\NumberGame\NumberGame.csproj", "{18E040AE-1C40-4966-A020-D386ED2E037D}"
EndProject
Project("{2150E333-8FDC-42A3-9474-1A3956D46DE8}") = "Games", "Games", "{B113D67A-BCBE-4B1F-89EE-7760C77AF8EF}"
EndProject
Project("{FAE04EC0-301F-11D3-BF4B-00C04F79EFBC}") = "Pelmanism", "Games\Pelmanism\Pelmanism.csproj", "{07CB849B-D6D5-494F-9656-E409619FE4D2}"
EndProject
Global
	GlobalSection(SolutionConfigurationPlatforms) = preSolution
		Debug|Any CPU = Debug|Any CPU
		Release|Any CPU = Release|Any CPU
	EndGlobalSection
	GlobalSection(ProjectConfigurationPlatforms) = postSolution
		{B9916A49-0497-4461-96BB-677322495D28}.Debug|Any CPU.ActiveCfg = Debug|Any CPU
		{B9916A49-0497-4461-96BB-677322495D28}.Debug|Any CPU.Build.0 = Debug|Any CPU
		{B9916A49-0497-4461-96BB-677322495D28}.Release|Any CPU.ActiveCfg = Release|Any CPU
		{B9916A49-0497-4461-96BB-677322495D28}.Release|Any CPU.Build.0 = Release|Any CPU
		{27F4CE4A-1803-4953-94CF-4383D12E4E73}.Debug|Any CPU.ActiveCfg = Debug|Any CPU
		{27F4CE4A-1803-4953-94CF-4383D12E4E73}.Debug|Any CPU.Build.0 = Debug|Any CPU
		{27F4CE4A-1803-4953-94CF-4383D12E4E73}.Release|Any CPU.ActiveCfg = Release|Any CPU
		{27F4CE4A-1803-4953-94CF-4383D12E4E73}.Release|Any CPU.Build.0 = Release|Any CPU
		{E40B0A7E-96BB-4EC8-904B-8EEBD8BD1359}.Debug|Any CPU.ActiveCfg = Debug|Any CPU
		{E40B0A7E-96BB-4EC8-904B-8EEBD8BD1359}.Debug|Any CPU.Build.0 = Debug|Any CPU
		{E40B0A7E-96BB-4EC8-904B-8EEBD8BD1359}.Release|Any CPU.ActiveCfg = Release|Any CPU
		{E40B0A7E-96BB-4EC8-904B-8EEBD8BD1359}.Release|Any CPU.Build.0 = Release|Any CPU
		{2322BD08-8F04-4AF2-9946-AF62860AA1B0}.Debug|Any CPU.ActiveCfg = Debug|Any CPU
		{2322BD08-8F04-4AF2-9946-AF62860AA1B0}.Debug|Any CPU.Build.0 = Debug|Any CPU
		{2322BD08-8F04-4AF2-9946-AF62860AA1B0}.Release|Any CPU.ActiveCfg = Release|Any CPU
		{2322BD08-8F04-4AF2-9946-AF62860AA1B0}.Release|Any CPU.Build.0 = Release|Any CPU
		{73F32D46-B179-4FEA-AB22-10FBFD0D2F89}.Debug|Any CPU.ActiveCfg = Debug|Any CPU
		{73F32D46-B179-4FEA-AB22-10FBFD0D2F89}.Debug|Any CPU.Build.0 = Debug|Any CPU
		{73F32D46-B179-4FEA-AB22-10FBFD0D2F89}.Release|Any CPU.ActiveCfg = Release|Any CPU
		{73F32D46-B179-4FEA-AB22-10FBFD0D2F89}.Release|Any CPU.Build.0 = Release|Any CPU
		{6D850C80-F602-42DD-B35A-5C8E7AFD5D66}.Debug|Any CPU.ActiveCfg = Debug|Any CPU
		{6D850C80-F602-42DD-B35A-5C8E7AFD5D66}.Debug|Any CPU.Build.0 = Debug|Any CPU
		{6D850C80-F602-42DD-B35A-5C8E7AFD5D66}.Release|Any CPU.ActiveCfg = Release|Any CPU
		{6D850C80-F602-42DD-B35A-5C8E7AFD5D66}.Release|Any CPU.Build.0 = Release|Any CPU
		{B4D71A4A-CB3A-4823-B8ED-19B60E2E54C3}.Debug|Any CPU.ActiveCfg = Debug|Any CPU
		{B4D71A4A-CB3A-4823-B8ED-19B60E2E54C3}.Debug|Any CPU.Build.0 = Debug|Any CPU
		{B4D71A4A-CB3A-4823-B8ED-19B60E2E54C3}.Release|Any CPU.ActiveCfg = Release|Any CPU
		{B4D71A4A-CB3A-4823-B8ED-19B60E2E54C3}.Release|Any CPU.Build.0 = Release|Any CPU
		{EF9D65C7-DAF6-4730-BBFA-0F6F82F6FE5D}.Debug|Any CPU.ActiveCfg = Debug|Any CPU
		{EF9D65C7-DAF6-4730-BBFA-0F6F82F6FE5D}.Debug|Any CPU.Build.0 = Debug|Any CPU
		{EF9D65C7-DAF6-4730-BBFA-0F6F82F6FE5D}.Release|Any CPU.ActiveCfg = Release|Any CPU
		{EF9D65C7-DAF6-4730-BBFA-0F6F82F6FE5D}.Release|Any CPU.Build.0 = Release|Any CPU
		{C840B481-184B-41C9-9C0F-0232933D1655}.Debug|Any CPU.ActiveCfg = Debug|Any CPU
		{C840B481-184B-41C9-9C0F-0232933D1655}.Debug|Any CPU.Build.0 = Debug|Any CPU
		{C840B481-184B-41C9-9C0F-0232933D1655}.Release|Any CPU.ActiveCfg = Release|Any CPU
		{C840B481-184B-41C9-9C0F-0232933D1655}.Release|Any CPU.Build.0 = Release|Any CPU
		{6300713C-A45B-444A-8489-5CA861CBCF06}.Debug|Any CPU.ActiveCfg = Debug|Any CPU
		{6300713C-A45B-444A-8489-5CA861CBCF06}.Debug|Any CPU.Build.0 = Debug|Any CPU
		{6300713C-A45B-444A-8489-5CA861CBCF06}.Release|Any CPU.ActiveCfg = Release|Any CPU
		{6300713C-A45B-444A-8489-5CA861CBCF06}.Release|Any CPU.Build.0 = Release|Any CPU
		{2BFACDC3-F44D-4199-8498-F5C3C4AC0335}.Debug|Any CPU.ActiveCfg = Debug|Any CPU
		{2BFACDC3-F44D-4199-8498-F5C3C4AC0335}.Debug|Any CPU.Build.0 = Debug|Any CPU
		{2BFACDC3-F44D-4199-8498-F5C3C4AC0335}.Release|Any CPU.ActiveCfg = Release|Any CPU
		{2BFACDC3-F44D-4199-8498-F5C3C4AC0335}.Release|Any CPU.Build.0 = Release|Any CPU
		{E461C0A8-8900-485C-B520-E929BA33F712}.Debug|Any CPU.ActiveCfg = Debug|Any CPU
		{E461C0A8-8900-485C-B520-E929BA33F712}.Debug|Any CPU.Build.0 = Debug|Any CPU
		{E461C0A8-8900-485C-B520-E929BA33F712}.Release|Any CPU.ActiveCfg = Release|Any CPU
		{E461C0A8-8900-485C-B520-E929BA33F712}.Release|Any CPU.Build.0 = Release|Any CPU
		{971B74DF-86E9-4F78-93C4-112002356039}.Debug|Any CPU.ActiveCfg = Debug|Any CPU
		{971B74DF-86E9-4F78-93C4-112002356039}.Debug|Any CPU.Build.0 = Debug|Any CPU
		{971B74DF-86E9-4F78-93C4-112002356039}.Release|Any CPU.ActiveCfg = Release|Any CPU
		{971B74DF-86E9-4F78-93C4-112002356039}.Release|Any CPU.Build.0 = Release|Any CPU
		{F2650B64-4EA7-4A29-A7B6-EE1EBED3A226}.Debug|Any CPU.ActiveCfg = Debug|Any CPU
		{F2650B64-4EA7-4A29-A7B6-EE1EBED3A226}.Debug|Any CPU.Build.0 = Debug|Any CPU
		{F2650B64-4EA7-4A29-A7B6-EE1EBED3A226}.Release|Any CPU.ActiveCfg = Release|Any CPU
		{F2650B64-4EA7-4A29-A7B6-EE1EBED3A226}.Release|Any CPU.Build.0 = Release|Any CPU
		{CBC41EDC-992A-4966-A5EF-E3DFC5DC16AA}.Debug|Any CPU.ActiveCfg = Debug|Any CPU
		{CBC41EDC-992A-4966-A5EF-E3DFC5DC16AA}.Debug|Any CPU.Build.0 = Debug|Any CPU
		{CBC41EDC-992A-4966-A5EF-E3DFC5DC16AA}.Release|Any CPU.ActiveCfg = Release|Any CPU
		{CBC41EDC-992A-4966-A5EF-E3DFC5DC16AA}.Release|Any CPU.Build.0 = Release|Any CPU
		{727BFB60-53C4-4166-A31F-2DDE1690BA13}.Debug|Any CPU.ActiveCfg = Debug|Any CPU
		{727BFB60-53C4-4166-A31F-2DDE1690BA13}.Debug|Any CPU.Build.0 = Debug|Any CPU
		{727BFB60-53C4-4166-A31F-2DDE1690BA13}.Release|Any CPU.ActiveCfg = Release|Any CPU
		{727BFB60-53C4-4166-A31F-2DDE1690BA13}.Release|Any CPU.Build.0 = Release|Any CPU
		{6522B27F-0597-4760-A03F-A0A665D0A270}.Debug|Any CPU.ActiveCfg = Debug|Any CPU
		{6522B27F-0597-4760-A03F-A0A665D0A270}.Debug|Any CPU.Build.0 = Debug|Any CPU
		{6522B27F-0597-4760-A03F-A0A665D0A270}.Release|Any CPU.ActiveCfg = Release|Any CPU
		{6522B27F-0597-4760-A03F-A0A665D0A270}.Release|Any CPU.Build.0 = Release|Any CPU
		{E122D9C6-C65E-4FDB-AB31-3605BA803032}.Debug|Any CPU.ActiveCfg = Debug|Any CPU
		{E122D9C6-C65E-4FDB-AB31-3605BA803032}.Debug|Any CPU.Build.0 = Debug|Any CPU
		{E122D9C6-C65E-4FDB-AB31-3605BA803032}.Release|Any CPU.ActiveCfg = Release|Any CPU
		{E122D9C6-C65E-4FDB-AB31-3605BA803032}.Release|Any CPU.Build.0 = Release|Any CPU
		{DA4B45E9-E52F-4010-9F7F-BB25B188F87E}.Debug|Any CPU.ActiveCfg = Debug|Any CPU
		{DA4B45E9-E52F-4010-9F7F-BB25B188F87E}.Debug|Any CPU.Build.0 = Debug|Any CPU
		{DA4B45E9-E52F-4010-9F7F-BB25B188F87E}.Release|Any CPU.ActiveCfg = Release|Any CPU
		{DA4B45E9-E52F-4010-9F7F-BB25B188F87E}.Release|Any CPU.Build.0 = Release|Any CPU
		{FACE0175-A913-44B7-8682-1D85D9E7104C}.Debug|Any CPU.ActiveCfg = Debug|Any CPU
		{FACE0175-A913-44B7-8682-1D85D9E7104C}.Debug|Any CPU.Build.0 = Debug|Any CPU
		{FACE0175-A913-44B7-8682-1D85D9E7104C}.Release|Any CPU.ActiveCfg = Release|Any CPU
		{FACE0175-A913-44B7-8682-1D85D9E7104C}.Release|Any CPU.Build.0 = Release|Any CPU
		{302270ED-90F6-4C23-B20C-13D9FB0E90D4}.Debug|Any CPU.ActiveCfg = Debug|Any CPU
		{302270ED-90F6-4C23-B20C-13D9FB0E90D4}.Debug|Any CPU.Build.0 = Debug|Any CPU
		{302270ED-90F6-4C23-B20C-13D9FB0E90D4}.Release|Any CPU.ActiveCfg = Release|Any CPU
		{302270ED-90F6-4C23-B20C-13D9FB0E90D4}.Release|Any CPU.Build.0 = Release|Any CPU
		{D3638F13-7905-49D8-9DEC-7FD68AC5CFCB}.Debug|Any CPU.ActiveCfg = Debug|Any CPU
		{D3638F13-7905-49D8-9DEC-7FD68AC5CFCB}.Debug|Any CPU.Build.0 = Debug|Any CPU
		{D3638F13-7905-49D8-9DEC-7FD68AC5CFCB}.Release|Any CPU.ActiveCfg = Release|Any CPU
		{D3638F13-7905-49D8-9DEC-7FD68AC5CFCB}.Release|Any CPU.Build.0 = Release|Any CPU
		{C82266BE-6C97-4294-89E1-F1FD0B87B6E0}.Debug|Any CPU.ActiveCfg = Debug|Any CPU
		{C82266BE-6C97-4294-89E1-F1FD0B87B6E0}.Debug|Any CPU.Build.0 = Debug|Any CPU
		{C82266BE-6C97-4294-89E1-F1FD0B87B6E0}.Release|Any CPU.ActiveCfg = Release|Any CPU
		{C82266BE-6C97-4294-89E1-F1FD0B87B6E0}.Release|Any CPU.Build.0 = Release|Any CPU
		{1DB0B1BB-6F10-40FB-8B81-D426D3AF5D15}.Debug|Any CPU.ActiveCfg = Debug|Any CPU
		{1DB0B1BB-6F10-40FB-8B81-D426D3AF5D15}.Debug|Any CPU.Build.0 = Debug|Any CPU
		{1DB0B1BB-6F10-40FB-8B81-D426D3AF5D15}.Release|Any CPU.ActiveCfg = Release|Any CPU
		{1DB0B1BB-6F10-40FB-8B81-D426D3AF5D15}.Release|Any CPU.Build.0 = Release|Any CPU
		{8F3A4F34-6647-4E30-935A-967BAF205B56}.Debug|Any CPU.ActiveCfg = Debug|Any CPU
		{8F3A4F34-6647-4E30-935A-967BAF205B56}.Debug|Any CPU.Build.0 = Debug|Any CPU
		{8F3A4F34-6647-4E30-935A-967BAF205B56}.Release|Any CPU.ActiveCfg = Release|Any CPU
		{8F3A4F34-6647-4E30-935A-967BAF205B56}.Release|Any CPU.Build.0 = Release|Any CPU
		{F2DC32D3-4672-45A4-8DC8-3DBC2CEF0C33}.Debug|Any CPU.ActiveCfg = Debug|Any CPU
		{F2DC32D3-4672-45A4-8DC8-3DBC2CEF0C33}.Debug|Any CPU.Build.0 = Debug|Any CPU
		{F2DC32D3-4672-45A4-8DC8-3DBC2CEF0C33}.Release|Any CPU.ActiveCfg = Release|Any CPU
		{F2DC32D3-4672-45A4-8DC8-3DBC2CEF0C33}.Release|Any CPU.Build.0 = Release|Any CPU
		{9A7502B8-41B0-49A3-B0D5-48EF4C045EC9}.Debug|Any CPU.ActiveCfg = Debug|Any CPU
		{9A7502B8-41B0-49A3-B0D5-48EF4C045EC9}.Debug|Any CPU.Build.0 = Debug|Any CPU
		{9A7502B8-41B0-49A3-B0D5-48EF4C045EC9}.Release|Any CPU.ActiveCfg = Release|Any CPU
		{9A7502B8-41B0-49A3-B0D5-48EF4C045EC9}.Release|Any CPU.Build.0 = Release|Any CPU
		{66B6CF0F-5F39-45FF-A0AD-12F24FAE98CE}.Debug|Any CPU.ActiveCfg = Debug|Any CPU
		{66B6CF0F-5F39-45FF-A0AD-12F24FAE98CE}.Debug|Any CPU.Build.0 = Debug|Any CPU
		{66B6CF0F-5F39-45FF-A0AD-12F24FAE98CE}.Release|Any CPU.ActiveCfg = Release|Any CPU
		{66B6CF0F-5F39-45FF-A0AD-12F24FAE98CE}.Release|Any CPU.Build.0 = Release|Any CPU
		{F35BF98F-C83A-445F-B2E8-335C422382BB}.Debug|Any CPU.ActiveCfg = Debug|Any CPU
		{F35BF98F-C83A-445F-B2E8-335C422382BB}.Debug|Any CPU.Build.0 = Debug|Any CPU
		{F35BF98F-C83A-445F-B2E8-335C422382BB}.Release|Any CPU.ActiveCfg = Release|Any CPU
		{F35BF98F-C83A-445F-B2E8-335C422382BB}.Release|Any CPU.Build.0 = Release|Any CPU
		{004A7EB0-2194-4F8A-8E88-C02E0C3BD4DB}.Debug|Any CPU.ActiveCfg = Debug|Any CPU
		{004A7EB0-2194-4F8A-8E88-C02E0C3BD4DB}.Debug|Any CPU.Build.0 = Debug|Any CPU
		{004A7EB0-2194-4F8A-8E88-C02E0C3BD4DB}.Release|Any CPU.ActiveCfg = Release|Any CPU
		{004A7EB0-2194-4F8A-8E88-C02E0C3BD4DB}.Release|Any CPU.Build.0 = Release|Any CPU
		{DBC78438-359D-4B9A-915E-69637FD05852}.Debug|Any CPU.ActiveCfg = Debug|Any CPU
		{DBC78438-359D-4B9A-915E-69637FD05852}.Debug|Any CPU.Build.0 = Debug|Any CPU
		{DBC78438-359D-4B9A-915E-69637FD05852}.Release|Any CPU.ActiveCfg = Release|Any CPU
		{DBC78438-359D-4B9A-915E-69637FD05852}.Release|Any CPU.Build.0 = Release|Any CPU
		{18CBDFD2-1DCC-44B8-85FA-A2B1B4A08349}.Debug|Any CPU.ActiveCfg = Debug|Any CPU
		{18CBDFD2-1DCC-44B8-85FA-A2B1B4A08349}.Debug|Any CPU.Build.0 = Debug|Any CPU
		{18CBDFD2-1DCC-44B8-85FA-A2B1B4A08349}.Release|Any CPU.ActiveCfg = Release|Any CPU
		{18CBDFD2-1DCC-44B8-85FA-A2B1B4A08349}.Release|Any CPU.Build.0 = Release|Any CPU
		{EEFFEAA9-ACCE-48D2-B2AE-29E12B30C4EB}.Debug|Any CPU.ActiveCfg = Debug|Any CPU
		{EEFFEAA9-ACCE-48D2-B2AE-29E12B30C4EB}.Debug|Any CPU.Build.0 = Debug|Any CPU
		{EEFFEAA9-ACCE-48D2-B2AE-29E12B30C4EB}.Release|Any CPU.ActiveCfg = Release|Any CPU
		{EEFFEAA9-ACCE-48D2-B2AE-29E12B30C4EB}.Release|Any CPU.Build.0 = Release|Any CPU
		{5DE34E1E-C34D-4063-B842-3C481BEA9394}.Debug|Any CPU.ActiveCfg = Debug|Any CPU
		{5DE34E1E-C34D-4063-B842-3C481BEA9394}.Debug|Any CPU.Build.0 = Debug|Any CPU
		{5DE34E1E-C34D-4063-B842-3C481BEA9394}.Release|Any CPU.ActiveCfg = Release|Any CPU
		{5DE34E1E-C34D-4063-B842-3C481BEA9394}.Release|Any CPU.Build.0 = Release|Any CPU
		{5673020D-0951-48F2-8AAF-ECC6DEA2A7D5}.Debug|Any CPU.ActiveCfg = Debug|Any CPU
		{5673020D-0951-48F2-8AAF-ECC6DEA2A7D5}.Debug|Any CPU.Build.0 = Debug|Any CPU
		{5673020D-0951-48F2-8AAF-ECC6DEA2A7D5}.Release|Any CPU.ActiveCfg = Release|Any CPU
		{5673020D-0951-48F2-8AAF-ECC6DEA2A7D5}.Release|Any CPU.Build.0 = Release|Any CPU
		{1E3EE1E6-2EF6-4CFB-B59B-18CD169DA80C}.Debug|Any CPU.ActiveCfg = Debug|Any CPU
		{1E3EE1E6-2EF6-4CFB-B59B-18CD169DA80C}.Debug|Any CPU.Build.0 = Debug|Any CPU
		{1E3EE1E6-2EF6-4CFB-B59B-18CD169DA80C}.Release|Any CPU.ActiveCfg = Release|Any CPU
		{1E3EE1E6-2EF6-4CFB-B59B-18CD169DA80C}.Release|Any CPU.Build.0 = Release|Any CPU
		{C57E54CD-4B4A-43CE-B2FE-670FC73195CB}.Debug|Any CPU.ActiveCfg = Debug|Any CPU
		{C57E54CD-4B4A-43CE-B2FE-670FC73195CB}.Debug|Any CPU.Build.0 = Debug|Any CPU
		{C57E54CD-4B4A-43CE-B2FE-670FC73195CB}.Release|Any CPU.ActiveCfg = Release|Any CPU
		{C57E54CD-4B4A-43CE-B2FE-670FC73195CB}.Release|Any CPU.Build.0 = Release|Any CPU
		{37523DCE-9E46-4F90-B116-ABFF85AF5966}.Debug|Any CPU.ActiveCfg = Debug|Any CPU
		{37523DCE-9E46-4F90-B116-ABFF85AF5966}.Debug|Any CPU.Build.0 = Debug|Any CPU
		{37523DCE-9E46-4F90-B116-ABFF85AF5966}.Release|Any CPU.ActiveCfg = Release|Any CPU
		{37523DCE-9E46-4F90-B116-ABFF85AF5966}.Release|Any CPU.Build.0 = Release|Any CPU
		{282382DD-DA54-4456-9B3A-57967CCB94A6}.Debug|Any CPU.ActiveCfg = Debug|Any CPU
		{282382DD-DA54-4456-9B3A-57967CCB94A6}.Debug|Any CPU.Build.0 = Debug|Any CPU
		{282382DD-DA54-4456-9B3A-57967CCB94A6}.Release|Any CPU.ActiveCfg = Release|Any CPU
		{282382DD-DA54-4456-9B3A-57967CCB94A6}.Release|Any CPU.Build.0 = Release|Any CPU
		{18E040AE-1C40-4966-A020-D386ED2E037D}.Debug|Any CPU.ActiveCfg = Debug|Any CPU
		{18E040AE-1C40-4966-A020-D386ED2E037D}.Debug|Any CPU.Build.0 = Debug|Any CPU
		{18E040AE-1C40-4966-A020-D386ED2E037D}.Release|Any CPU.ActiveCfg = Release|Any CPU
		{18E040AE-1C40-4966-A020-D386ED2E037D}.Release|Any CPU.Build.0 = Release|Any CPU
		{07CB849B-D6D5-494F-9656-E409619FE4D2}.Debug|Any CPU.ActiveCfg = Debug|Any CPU
		{07CB849B-D6D5-494F-9656-E409619FE4D2}.Debug|Any CPU.Build.0 = Debug|Any CPU
		{07CB849B-D6D5-494F-9656-E409619FE4D2}.Release|Any CPU.ActiveCfg = Release|Any CPU
		{07CB849B-D6D5-494F-9656-E409619FE4D2}.Release|Any CPU.Build.0 = Release|Any CPU
	EndGlobalSection
	GlobalSection(SolutionProperties) = preSolution
		HideSolutionNode = FALSE
	EndGlobalSection
	GlobalSection(NestedProjects) = preSolution
		{B9916A49-0497-4461-96BB-677322495D28} = {5E00C1B8-585B-44E3-95D6-B13DB92C5B2A}
		{27F4CE4A-1803-4953-94CF-4383D12E4E73} = {5E00C1B8-585B-44E3-95D6-B13DB92C5B2A}
		{E40B0A7E-96BB-4EC8-904B-8EEBD8BD1359} = {45FA9B7A-57AD-47CB-9940-B44DCB7EBA46}
		{45FA9B7A-57AD-47CB-9940-B44DCB7EBA46} = {5E00C1B8-585B-44E3-95D6-B13DB92C5B2A}
		{2322BD08-8F04-4AF2-9946-AF62860AA1B0} = {45FA9B7A-57AD-47CB-9940-B44DCB7EBA46}
		{73F32D46-B179-4FEA-AB22-10FBFD0D2F89} = {45FA9B7A-57AD-47CB-9940-B44DCB7EBA46}
		{6D850C80-F602-42DD-B35A-5C8E7AFD5D66} = {BB1C8296-9847-4017-8846-879069AB1239}
		{B4D71A4A-CB3A-4823-B8ED-19B60E2E54C3} = {AAB99F4B-671E-499D-968F-723CD0436DBD}
		{EF9D65C7-DAF6-4730-BBFA-0F6F82F6FE5D} = {5791C6BC-290E-4C7B-90BA-8EF901543CFE}
		{5791C6BC-290E-4C7B-90BA-8EF901543CFE} = {AAB99F4B-671E-499D-968F-723CD0436DBD}
		{C840B481-184B-41C9-9C0F-0232933D1655} = {5791C6BC-290E-4C7B-90BA-8EF901543CFE}
		{6300713C-A45B-444A-8489-5CA861CBCF06} = {33BABB29-85D0-4626-A4C3-4BDE9EA8CE91}
		{2BFACDC3-F44D-4199-8498-F5C3C4AC0335} = {2A928A64-3165-4613-84C4-E2FCC63F44EA}
		{E461C0A8-8900-485C-B520-E929BA33F712} = {2A928A64-3165-4613-84C4-E2FCC63F44EA}
		{971B74DF-86E9-4F78-93C4-112002356039} = {33BABB29-85D0-4626-A4C3-4BDE9EA8CE91}
		{F2650B64-4EA7-4A29-A7B6-EE1EBED3A226} = {33BABB29-85D0-4626-A4C3-4BDE9EA8CE91}
		{CBC41EDC-992A-4966-A5EF-E3DFC5DC16AA} = {2366E44B-7885-4225-B3A3-88FDEEA21776}
		{727BFB60-53C4-4166-A31F-2DDE1690BA13} = {F1E0FEF4-4428-4515-90C9-680AB06F9BB4}
		{6522B27F-0597-4760-A03F-A0A665D0A270} = {F1E0FEF4-4428-4515-90C9-680AB06F9BB4}
		{E122D9C6-C65E-4FDB-AB31-3605BA803032} = {B516205B-5694-49D6-AA72-60C231EF6C9E}
		{DA4B45E9-E52F-4010-9F7F-BB25B188F87E} = {B516205B-5694-49D6-AA72-60C231EF6C9E}
		{FACE0175-A913-44B7-8682-1D85D9E7104C} = {798DD325-2891-429B-86CA-057D28E62F1F}
		{D935AB50-8DC0-43E4-9FD1-41100B855DDA} = {798DD325-2891-429B-86CA-057D28E62F1F}
		{302270ED-90F6-4C23-B20C-13D9FB0E90D4} = {D935AB50-8DC0-43E4-9FD1-41100B855DDA}
		{D3638F13-7905-49D8-9DEC-7FD68AC5CFCB} = {D935AB50-8DC0-43E4-9FD1-41100B855DDA}
		{C82266BE-6C97-4294-89E1-F1FD0B87B6E0} = {AF1888AC-826E-4940-8567-0EE7AFBB04DF}
		{1DB0B1BB-6F10-40FB-8B81-D426D3AF5D15} = {AD74F68E-C15E-4E61-B42B-43CBCB17AE4C}
		{8F3A4F34-6647-4E30-935A-967BAF205B56} = {AD74F68E-C15E-4E61-B42B-43CBCB17AE4C}
		{F2DC32D3-4672-45A4-8DC8-3DBC2CEF0C33} = {C974F30B-A8F4-4994-B0CB-22CF0E763EA7}
		{9A7502B8-41B0-49A3-B0D5-48EF4C045EC9} = {D115F66C-A385-47AC-9A92-C4AAEEDB9CCE}
		{66B6CF0F-5F39-45FF-A0AD-12F24FAE98CE} = {D115F66C-A385-47AC-9A92-C4AAEEDB9CCE}
		{F35BF98F-C83A-445F-B2E8-335C422382BB} = {D115F66C-A385-47AC-9A92-C4AAEEDB9CCE}
		{004A7EB0-2194-4F8A-8E88-C02E0C3BD4DB} = {1BEDB3BD-49C4-4303-9938-B03F98BB4734}
		{81860156-DA34-4B9F-BD4E-6E8C0C5F79C3} = {1BEDB3BD-49C4-4303-9938-B03F98BB4734}
		{DBC78438-359D-4B9A-915E-69637FD05852} = {81860156-DA34-4B9F-BD4E-6E8C0C5F79C3}
		{18CBDFD2-1DCC-44B8-85FA-A2B1B4A08349} = {9E34F83B-6276-48BE-81DD-997220111481}
		{EEFFEAA9-ACCE-48D2-B2AE-29E12B30C4EB} = {757D2EE2-D519-46C4-A534-DCA748B2049A}
		{5DE34E1E-C34D-4063-B842-3C481BEA9394} = {1BEDB3BD-49C4-4303-9938-B03F98BB4734}
		{5673020D-0951-48F2-8AAF-ECC6DEA2A7D5} = {82A1CC18-D031-4C0F-8D47-F777EDE8893B}
		{1E3EE1E6-2EF6-4CFB-B59B-18CD169DA80C} = {C864911C-5109-4321-AC3C-2E24BB6C51B8}
		{C57E54CD-4B4A-43CE-B2FE-670FC73195CB} = {530351FF-FE4E-4688-9385-BE89176F8546}
		{37523DCE-9E46-4F90-B116-ABFF85AF5966} = {530351FF-FE4E-4688-9385-BE89176F8546}
		{282382DD-DA54-4456-9B3A-57967CCB94A6} = {530351FF-FE4E-4688-9385-BE89176F8546}
		{18E040AE-1C40-4966-A020-D386ED2E037D} = {530351FF-FE4E-4688-9385-BE89176F8546}
		{07CB849B-D6D5-494F-9656-E409619FE4D2} = {B113D67A-BCBE-4B1F-89EE-7760C77AF8EF}
	EndGlobalSection
	GlobalSection(ExtensibilityGlobals) = postSolution
		SolutionGuid = {6EE481A7-3F21-4B53-B2EC-D12CF3AC5182}
	EndGlobalSection
EndGlobal
